
Microsoft Visual Studio Solution File, Format Version 12.00
# Visual Studio Version 16
VisualStudioVersion = 16.0.32407.337
MinimumVisualStudioVersion = 10.0.40219.1
Project("{9A19103F-16F7-4668-BE54-9A1E7A4F7556}") = "JupiterCloud", "JupiterCloud\JupiterCloud.csproj", "{110A00AA-B115-429F-B285-C3F9C5C996A3}"
EndProject
Project("{2150E333-8FDC-42A3-9474-1A3956D46DE8}") = "Solution Items", "Solution Items", "{BF51AB69-8BDE-4D7A-A1B8-BF9AC0D945A9}"
	ProjectSection(SolutionItems) = preProject
		.editorconfig = .editorconfig
	EndProjectSection
EndProject
Global
	GlobalSection(SolutionConfigurationPlatforms) = preSolution
		Debug|Any CPU = Debug|Any CPU
		Release|Any CPU = Release|Any CPU
	EndGlobalSection
	GlobalSection(ProjectConfigurationPlatforms) = postSolution
		{110A00AA-B115-429F-B285-C3F9C5C996A3}.Debug|Any CPU.ActiveCfg = Debug|Any CPU
		{110A00AA-B115-429F-B285-C3F9C5C996A3}.Debug|Any CPU.Build.0 = Debug|Any CPU
		{110A00AA-B115-429F-B285-C3F9C5C996A3}.Release|Any CPU.ActiveCfg = Release|Any CPU
		{110A00AA-B115-429F-B285-C3F9C5C996A3}.Release|Any CPU.Build.0 = Release|Any CPU
	EndGlobalSection
	GlobalSection(SolutionProperties) = preSolution
		HideSolutionNode = FALSE
	EndGlobalSection
	GlobalSection(ExtensibilityGlobals) = postSolution
		SolutionGuid = {2765FF6A-EFAE-44DA-8C7B-21AB44EBF964}
	EndGlobalSection
EndGlobal
